
Microsoft Visual Studio Solution File, Format Version 12.00
# Visual Studio Version 16
VisualStudioVersion = 16.0.31424.327
MinimumVisualStudioVersion = 10.0.40219.1
Project("{FAE04EC0-301F-11D3-BF4B-00C04F79EFBC}") = "SchoolManagement", "SchoolManagement.csproj", "{7446DD47-344E-42FE-B4C6-FAC86D77DEA4}"
EndProject
Global
	GlobalSection(SolutionConfigurationPlatforms) = preSolution
		Debug|Any CPU = Debug|Any CPU
		Release|Any CPU = Release|Any CPU
	EndGlobalSection
	GlobalSection(ProjectConfigurationPlatforms) = postSolution
		{7446DD47-344E-42FE-B4C6-FAC86D77DEA4}.Debug|Any CPU.ActiveCfg = Debug|Any CPU
		{7446DD47-344E-42FE-B4C6-FAC86D77DEA4}.Debug|Any CPU.Build.0 = Debug|Any CPU
		{7446DD47-344E-42FE-B4C6-FAC86D77DEA4}.Release|Any CPU.ActiveCfg = Release|Any CPU
		{7446DD47-344E-42FE-B4C6-FAC86D77DEA4}.Release|Any CPU.Build.0 = Release|Any CPU
	EndGlobalSection
	GlobalSection(SolutionProperties) = preSolution
		HideSolutionNode = FALSE
	EndGlobalSection
	GlobalSection(ExtensibilityGlobals) = postSolution
		SolutionGuid = {23590EB5-2802-4C22-A725-EC65A696BD65}
	EndGlobalSection
EndGlobal
